
Microsoft Visual Studio Solution File, Format Version 12.00
# Visual Studio 15
VisualStudioVersion = 15.0.27130.2027
MinimumVisualStudioVersion = 10.0.40219.1
Project("{FAE04EC0-301F-11D3-BF4B-00C04F79EFBC}") = "WindowsFormsApp1", "WindowsFormsApp1\WindowsFormsApp1.csproj", "{B90BEFFC-E07C-40A7-80AE-0CAECAD2B05F}"
EndProject
Global
	GlobalSection(SolutionConfigurationPlatforms) = preSolution
		Debug|Any CPU = Debug|Any CPU
		Release|Any CPU = Release|Any CPU
	EndGlobalSection
	GlobalSection(ProjectConfigurationPlatforms) = postSolution
		{B90BEFFC-E07C-40A7-80AE-0CAECAD2B05F}.Debug|Any CPU.ActiveCfg = Debug|Any CPU
		{B90BEFFC-E07C-40A7-80AE-0CAECAD2B05F}.Debug|Any CPU.Build.0 = Debug|Any CPU
		{B90BEFFC-E07C-40A7-80AE-0CAECAD2B05F}.Release|Any CPU.ActiveCfg = Release|Any CPU
		{B90BEFFC-E07C-40A7-80AE-0CAECAD2B05F}.Release|Any CPU.Build.0 = Release|Any CPU
	EndGlobalSection
	GlobalSection(SolutionProperties) = preSolution
		HideSolutionNode = FALSE
	EndGlobalSection
	GlobalSection(ExtensibilityGlobals) = postSolution
		SolutionGuid = {82698B6A-5088-4454-9D6E-93CC221CB993}
	EndGlobalSection
EndGlobal
